
Microsoft Visual Studio Solution File, Format Version 12.00
# Visual Studio Version 17
VisualStudioVersion = 17.6.33829.357
MinimumVisualStudioVersion = 10.0.40219.1
Project("{FAE04EC0-301F-11D3-BF4B-00C04F79EFBC}") = "ViewsExample", "ViewsExample\ViewsExample.csproj", "{00130A48-FFFD-4570-915C-37449665FA63}"
EndProject
Global
	GlobalSection(SolutionConfigurationPlatforms) = preSolution
		Debug|Any CPU = Debug|Any CPU
		Release|Any CPU = Release|Any CPU
	EndGlobalSection
	GlobalSection(ProjectConfigurationPlatforms) = postSolution
		{00130A48-FFFD-4570-915C-37449665FA63}.Debug|Any CPU.ActiveCfg = Debug|Any CPU
		{00130A48-FFFD-4570-915C-37449665FA63}.Debug|Any CPU.Build.0 = Debug|Any CPU
		{00130A48-FFFD-4570-915C-37449665FA63}.Release|Any CPU.ActiveCfg = Release|Any CPU
		{00130A48-FFFD-4570-915C-37449665FA63}.Release|Any CPU.Build.0 = Release|Any CPU
	EndGlobalSection
	GlobalSection(SolutionProperties) = preSolution
		HideSolutionNode = FALSE
	EndGlobalSection
	GlobalSection(ExtensibilityGlobals) = postSolution
		SolutionGuid = {CBF49E26-0D72-4C19-93A4-826D962E1D29}
	EndGlobalSection
EndGlobal
