
Microsoft Visual Studio Solution File, Format Version 12.00
# Visual Studio Version 17
VisualStudioVersion = 17.6.33829.357
MinimumVisualStudioVersion = 10.0.40219.1
Project("{FAE04EC0-301F-11D3-BF4B-00C04F79EFBC}") = "RoutingExample", "RoutingExample\RoutingExample.csproj", "{5D2F0D1C-E4DA-4B66-9F2D-1928CB6C95FB}"
EndProject
Global
	GlobalSection(SolutionConfigurationPlatforms) = preSolution
		Debug|Any CPU = Debug|Any CPU
		Release|Any CPU = Release|Any CPU
	EndGlobalSection
	GlobalSection(ProjectConfigurationPlatforms) = postSolution
		{5D2F0D1C-E4DA-4B66-9F2D-1928CB6C95FB}.Debug|Any CPU.ActiveCfg = Debug|Any CPU
		{5D2F0D1C-E4DA-4B66-9F2D-1928CB6C95FB}.Debug|Any CPU.Build.0 = Debug|Any CPU
		{5D2F0D1C-E4DA-4B66-9F2D-1928CB6C95FB}.Release|Any CPU.ActiveCfg = Release|Any CPU
		{5D2F0D1C-E4DA-4B66-9F2D-1928CB6C95FB}.Release|Any CPU.Build.0 = Release|Any CPU
	EndGlobalSection
	GlobalSection(SolutionProperties) = preSolution
		HideSolutionNode = FALSE
	EndGlobalSection
	GlobalSection(ExtensibilityGlobals) = postSolution
		SolutionGuid = {CEAC0155-19E6-4C04-8285-24C6CF75EC1F}
	EndGlobalSection
EndGlobal
