
Microsoft Visual Studio Solution File, Format Version 12.00
# Visual Studio Version 17
VisualStudioVersion = 17.6.33829.357
MinimumVisualStudioVersion = 10.0.40219.1
Project("{FAE04EC0-301F-11D3-BF4B-00C04F79EFBC}") = "MiddleWareExample", "MiddleWareExample\MiddleWareExample.csproj", "{A383C4E3-6404-4B9B-9F0E-48BFD9E036C0}"
EndProject
Global
	GlobalSection(SolutionConfigurationPlatforms) = preSolution
		Debug|Any CPU = Debug|Any CPU
		Release|Any CPU = Release|Any CPU
	EndGlobalSection
	GlobalSection(ProjectConfigurationPlatforms) = postSolution
		{A383C4E3-6404-4B9B-9F0E-48BFD9E036C0}.Debug|Any CPU.ActiveCfg = Debug|Any CPU
		{A383C4E3-6404-4B9B-9F0E-48BFD9E036C0}.Debug|Any CPU.Build.0 = Debug|Any CPU
		{A383C4E3-6404-4B9B-9F0E-48BFD9E036C0}.Release|Any CPU.ActiveCfg = Release|Any CPU
		{A383C4E3-6404-4B9B-9F0E-48BFD9E036C0}.Release|Any CPU.Build.0 = Release|Any CPU
	EndGlobalSection
	GlobalSection(SolutionProperties) = preSolution
		HideSolutionNode = FALSE
	EndGlobalSection
	GlobalSection(ExtensibilityGlobals) = postSolution
		SolutionGuid = {D983FCA2-0EF1-40D7-993F-FD8565C4CA0F}
	EndGlobalSection
EndGlobal
