
Microsoft Visual Studio Solution File, Format Version 12.00
# Visual Studio Version 17
VisualStudioVersion = 17.6.33829.357
MinimumVisualStudioVersion = 10.0.40219.1
Project("{FAE04EC0-301F-11D3-BF4B-00C04F79EFBC}") = "MyFirstApp", "MyFirstApp\MyFirstApp.csproj", "{66077D3E-2C56-4117-B334-380BCB4C4992}"
EndProject
Global
	GlobalSection(SolutionConfigurationPlatforms) = preSolution
		Debug|Any CPU = Debug|Any CPU
		Release|Any CPU = Release|Any CPU
	EndGlobalSection
	GlobalSection(ProjectConfigurationPlatforms) = postSolution
		{66077D3E-2C56-4117-B334-380BCB4C4992}.Debug|Any CPU.ActiveCfg = Debug|Any CPU
		{66077D3E-2C56-4117-B334-380BCB4C4992}.Debug|Any CPU.Build.0 = Debug|Any CPU
		{66077D3E-2C56-4117-B334-380BCB4C4992}.Release|Any CPU.ActiveCfg = Release|Any CPU
		{66077D3E-2C56-4117-B334-380BCB4C4992}.Release|Any CPU.Build.0 = Release|Any CPU
	EndGlobalSection
	GlobalSection(SolutionProperties) = preSolution
		HideSolutionNode = FALSE
	EndGlobalSection
	GlobalSection(ExtensibilityGlobals) = postSolution
		SolutionGuid = {090ED83C-EB6E-49BF-9120-3600983A9632}
	EndGlobalSection
EndGlobal
