
Microsoft Visual Studio Solution File, Format Version 12.00
# Visual Studio Version 17
VisualStudioVersion = 17.6.33829.357
MinimumVisualStudioVersion = 10.0.40219.1
Project("{FAE04EC0-301F-11D3-BF4B-00C04F79EFBC}") = "MathCalculator", "MathCalculator\MathCalculator.csproj", "{D05DD607-5BB0-4860-B5F6-8CD8E167F88E}"
EndProject
Global
	GlobalSection(SolutionConfigurationPlatforms) = preSolution
		Debug|Any CPU = Debug|Any CPU
		Release|Any CPU = Release|Any CPU
	EndGlobalSection
	GlobalSection(ProjectConfigurationPlatforms) = postSolution
		{D05DD607-5BB0-4860-B5F6-8CD8E167F88E}.Debug|Any CPU.ActiveCfg = Debug|Any CPU
		{D05DD607-5BB0-4860-B5F6-8CD8E167F88E}.Debug|Any CPU.Build.0 = Debug|Any CPU
		{D05DD607-5BB0-4860-B5F6-8CD8E167F88E}.Release|Any CPU.ActiveCfg = Release|Any CPU
		{D05DD607-5BB0-4860-B5F6-8CD8E167F88E}.Release|Any CPU.Build.0 = Release|Any CPU
	EndGlobalSection
	GlobalSection(SolutionProperties) = preSolution
		HideSolutionNode = FALSE
	EndGlobalSection
	GlobalSection(ExtensibilityGlobals) = postSolution
		SolutionGuid = {3816116A-1078-4B6F-8AB8-71D5C857D17B}
	EndGlobalSection
EndGlobal
