
Microsoft Visual Studio Solution File, Format Version 12.00
# Visual Studio Version 17
VisualStudioVersion = 17.6.33829.357
MinimumVisualStudioVersion = 10.0.40219.1
Project("{FAE04EC0-301F-11D3-BF4B-00C04F79EFBC}") = "E-CommerceApp", "E-CommerceApp\E-CommerceApp.csproj", "{EF023278-5549-4818-A8F7-146260FB1813}"
EndProject
Global
	GlobalSection(SolutionConfigurationPlatforms) = preSolution
		Debug|Any CPU = Debug|Any CPU
		Release|Any CPU = Release|Any CPU
	EndGlobalSection
	GlobalSection(ProjectConfigurationPlatforms) = postSolution
		{EF023278-5549-4818-A8F7-146260FB1813}.Debug|Any CPU.ActiveCfg = Debug|Any CPU
		{EF023278-5549-4818-A8F7-146260FB1813}.Debug|Any CPU.Build.0 = Debug|Any CPU
		{EF023278-5549-4818-A8F7-146260FB1813}.Release|Any CPU.ActiveCfg = Release|Any CPU
		{EF023278-5549-4818-A8F7-146260FB1813}.Release|Any CPU.Build.0 = Release|Any CPU
	EndGlobalSection
	GlobalSection(SolutionProperties) = preSolution
		HideSolutionNode = FALSE
	EndGlobalSection
	GlobalSection(ExtensibilityGlobals) = postSolution
		SolutionGuid = {60D1C7E1-55A0-4FE3-94F5-A1C830B7DD2F}
	EndGlobalSection
EndGlobal
