
Microsoft Visual Studio Solution File, Format Version 12.00
# Visual Studio Version 17
VisualStudioVersion = 17.6.33829.357
MinimumVisualStudioVersion = 10.0.40219.1
Project("{FAE04EC0-301F-11D3-BF4B-00C04F79EFBC}") = "StocksAppWithConfiguration", "StocksAppWithConfiguration\StocksAppWithConfiguration.csproj", "{86BA0F57-37F9-4871-8F10-A8636C8BC047}"
EndProject
Project("{FAE04EC0-301F-11D3-BF4B-00C04F79EFBC}") = "ServiceContracts", "ServiceContracts\ServiceContracts.csproj", "{4075BC4A-B4AE-49C4-94BA-E8A33CAC8A81}"
EndProject
Project("{FAE04EC0-301F-11D3-BF4B-00C04F79EFBC}") = "Services", "Services\Services.csproj", "{BD4CF8C2-A34C-407B-AF56-5C7323AFF3F8}"
EndProject
Global
	GlobalSection(SolutionConfigurationPlatforms) = preSolution
		Debug|Any CPU = Debug|Any CPU
		Release|Any CPU = Release|Any CPU
	EndGlobalSection
	GlobalSection(ProjectConfigurationPlatforms) = postSolution
		{86BA0F57-37F9-4871-8F10-A8636C8BC047}.Debug|Any CPU.ActiveCfg = Debug|Any CPU
		{86BA0F57-37F9-4871-8F10-A8636C8BC047}.Debug|Any CPU.Build.0 = Debug|Any CPU
		{86BA0F57-37F9-4871-8F10-A8636C8BC047}.Release|Any CPU.ActiveCfg = Release|Any CPU
		{86BA0F57-37F9-4871-8F10-A8636C8BC047}.Release|Any CPU.Build.0 = Release|Any CPU
		{4075BC4A-B4AE-49C4-94BA-E8A33CAC8A81}.Debug|Any CPU.ActiveCfg = Debug|Any CPU
		{4075BC4A-B4AE-49C4-94BA-E8A33CAC8A81}.Debug|Any CPU.Build.0 = Debug|Any CPU
		{4075BC4A-B4AE-49C4-94BA-E8A33CAC8A81}.Release|Any CPU.ActiveCfg = Release|Any CPU
		{4075BC4A-B4AE-49C4-94BA-E8A33CAC8A81}.Release|Any CPU.Build.0 = Release|Any CPU
		{BD4CF8C2-A34C-407B-AF56-5C7323AFF3F8}.Debug|Any CPU.ActiveCfg = Debug|Any CPU
		{BD4CF8C2-A34C-407B-AF56-5C7323AFF3F8}.Debug|Any CPU.Build.0 = Debug|Any CPU
		{BD4CF8C2-A34C-407B-AF56-5C7323AFF3F8}.Release|Any CPU.ActiveCfg = Release|Any CPU
		{BD4CF8C2-A34C-407B-AF56-5C7323AFF3F8}.Release|Any CPU.Build.0 = Release|Any CPU
	EndGlobalSection
	GlobalSection(SolutionProperties) = preSolution
		HideSolutionNode = FALSE
	EndGlobalSection
	GlobalSection(ExtensibilityGlobals) = postSolution
		SolutionGuid = {5B797D6B-E702-4630-AD33-ACDBB2DC9322}
	EndGlobalSection
EndGlobal
