
Microsoft Visual Studio Solution File, Format Version 12.00
# Visual Studio Version 17
VisualStudioVersion = 17.6.33829.357
MinimumVisualStudioVersion = 10.0.40219.1
Project("{FAE04EC0-301F-11D3-BF4B-00C04F79EFBC}") = "ConfigurationExample", "ConfigurationExample\ConfigurationExample.csproj", "{9D052526-47DC-414F-A125-EF53A513ABCE}"
EndProject
Global
	GlobalSection(SolutionConfigurationPlatforms) = preSolution
		Debug|Any CPU = Debug|Any CPU
		Release|Any CPU = Release|Any CPU
	EndGlobalSection
	GlobalSection(ProjectConfigurationPlatforms) = postSolution
		{9D052526-47DC-414F-A125-EF53A513ABCE}.Debug|Any CPU.ActiveCfg = Debug|Any CPU
		{9D052526-47DC-414F-A125-EF53A513ABCE}.Debug|Any CPU.Build.0 = Debug|Any CPU
		{9D052526-47DC-414F-A125-EF53A513ABCE}.Release|Any CPU.ActiveCfg = Release|Any CPU
		{9D052526-47DC-414F-A125-EF53A513ABCE}.Release|Any CPU.Build.0 = Release|Any CPU
	EndGlobalSection
	GlobalSection(SolutionProperties) = preSolution
		HideSolutionNode = FALSE
	EndGlobalSection
	GlobalSection(ExtensibilityGlobals) = postSolution
		SolutionGuid = {0E6A781C-2EE0-41C8-9F16-22A95172146D}
	EndGlobalSection
EndGlobal
