
Microsoft Visual Studio Solution File, Format Version 12.00
# Visual Studio Version 17
VisualStudioVersion = 17.6.33829.357
MinimumVisualStudioVersion = 10.0.40219.1
Project("{FAE04EC0-301F-11D3-BF4B-00C04F79EFBC}") = "PartialViewsExample", "PartialViewsExample\PartialViewsExample.csproj", "{406C35AE-F3DE-40A5-A992-ECF5513815DD}"
EndProject
Global
	GlobalSection(SolutionConfigurationPlatforms) = preSolution
		Debug|Any CPU = Debug|Any CPU
		Release|Any CPU = Release|Any CPU
	EndGlobalSection
	GlobalSection(ProjectConfigurationPlatforms) = postSolution
		{406C35AE-F3DE-40A5-A992-ECF5513815DD}.Debug|Any CPU.ActiveCfg = Debug|Any CPU
		{406C35AE-F3DE-40A5-A992-ECF5513815DD}.Debug|Any CPU.Build.0 = Debug|Any CPU
		{406C35AE-F3DE-40A5-A992-ECF5513815DD}.Release|Any CPU.ActiveCfg = Release|Any CPU
		{406C35AE-F3DE-40A5-A992-ECF5513815DD}.Release|Any CPU.Build.0 = Release|Any CPU
	EndGlobalSection
	GlobalSection(SolutionProperties) = preSolution
		HideSolutionNode = FALSE
	EndGlobalSection
	GlobalSection(ExtensibilityGlobals) = postSolution
		SolutionGuid = {F565260C-C4AE-4882-9842-7F6A422D2614}
	EndGlobalSection
EndGlobal
