
Microsoft Visual Studio Solution File, Format Version 12.00
# Visual Studio Version 17
VisualStudioVersion = 17.6.33829.357
MinimumVisualStudioVersion = 10.0.40219.1
Project("{FAE04EC0-301F-11D3-BF4B-00C04F79EFBC}") = "UseWhenExample", "UseWhenExample\UseWhenExample.csproj", "{C1DB6BE6-2D04-4B75-B405-4AC4C5102427}"
EndProject
Global
	GlobalSection(SolutionConfigurationPlatforms) = preSolution
		Debug|Any CPU = Debug|Any CPU
		Release|Any CPU = Release|Any CPU
	EndGlobalSection
	GlobalSection(ProjectConfigurationPlatforms) = postSolution
		{C1DB6BE6-2D04-4B75-B405-4AC4C5102427}.Debug|Any CPU.ActiveCfg = Debug|Any CPU
		{C1DB6BE6-2D04-4B75-B405-4AC4C5102427}.Debug|Any CPU.Build.0 = Debug|Any CPU
		{C1DB6BE6-2D04-4B75-B405-4AC4C5102427}.Release|Any CPU.ActiveCfg = Release|Any CPU
		{C1DB6BE6-2D04-4B75-B405-4AC4C5102427}.Release|Any CPU.Build.0 = Release|Any CPU
	EndGlobalSection
	GlobalSection(SolutionProperties) = preSolution
		HideSolutionNode = FALSE
	EndGlobalSection
	GlobalSection(ExtensibilityGlobals) = postSolution
		SolutionGuid = {119449C7-3803-43FF-909E-217CE1469862}
	EndGlobalSection
EndGlobal
